// !$*UTF8*$!
{
	archiveVersion = 1;
	classes = {
	};
	objectVersion = 46;
	objects = {

/* Begin PBXBuildFile section */
		CE2CFBF71738302E0050CCBE /* UIKit.framework in Frameworks */ = {isa = PBXBuildFile; fileRef = CE2CFBF61738302E0050CCBE /* UIKit.framework */; };
		CE2CFBF91738302E0050CCBE /* Foundation.framework in Frameworks */ = {isa = PBXBuildFile; fileRef = CE2CFBF81738302E0050CCBE /* Foundation.framework */; };
		CE2CFBFB1738302E0050CCBE /* CoreGraphics.framework in Frameworks */ = {isa = PBXBuildFile; fileRef = CE2CFBFA1738302E0050CCBE /* CoreGraphics.framework */; };
		CE2CFC011738302E0050CCBE /* InfoPlist.strings in Resources */ = {isa = PBXBuildFile; fileRef = CE2CFBFF1738302E0050CCBE /* InfoPlist.strings */; };
		CE2CFC031738302E0050CCBE /* main.m in Sources */ = {isa = PBXBuildFile; fileRef = CE2CFC021738302E0050CCBE /* main.m */; };
		CE2CFC071738302E0050CCBE /* DVDAppDelegate.m in Sources */ = {isa = PBXBuildFile; fileRef = CE2CFC061738302E0050CCBE /* DVDAppDelegate.m */; };
		CE2CFC091738302E0050CCBE /* Default.png in Resources */ = {isa = PBXBuildFile; fileRef = CE2CFC081738302E0050CCBE /* Default.png */; };
		CE2CFC0B1738302E0050CCBE /* Default@2x.png in Resources */ = {isa = PBXBuildFile; fileRef = CE2CFC0A1738302E0050CCBE /* Default@2x.png */; };
		CE2CFC0D1738302E0050CCBE /* Default-568h@2x.png in Resources */ = {isa = PBXBuildFile; fileRef = CE2CFC0C1738302E0050CCBE /* Default-568h@2x.png */; };
/* End PBXBuildFile section */

/* Begin PBXFileReference section */
		CE2CFBF31738302E0050CCBE /* StarWars.app */ = {isa = PBXFileReference; explicitFileType = wrapper.application; includeInIndex = 0; path = StarWars.app; sourceTree = BUILT_PRODUCTS_DIR; };
		CE2CFBF61738302E0050CCBE /* UIKit.framework */ = {isa = PBXFileReference; lastKnownFileType = wrapper.framework; name = UIKit.framework; path = System/Library/Frameworks/UIKit.framework; sourceTree = SDKROOT; };
		CE2CFBF81738302E0050CCBE /* Foundation.framework */ = {isa = PBXFileReference; lastKnownFileType = wrapper.framework; name = Foundation.framework; path = System/Library/Frameworks/Foundation.framework; sourceTree = SDKROOT; };
		CE2CFBFA1738302E0050CCBE /* CoreGraphics.framework */ = {isa = PBXFileReference; lastKnownFileType = wrapper.framework; name = CoreGraphics.framework; path = System/Library/Frameworks/CoreGraphics.framework; sourceTree = SDKROOT; };
		CE2CFBFE1738302E0050CCBE /* StarWars-Info.plist */ = {isa = PBXFileReference; lastKnownFileType = text.plist.xml; path = "StarWars-Info.plist"; sourceTree = "<group>"; };
		CE2CFC001738302E0050CCBE /* en */ = {isa = PBXFileReference; lastKnownFileType = text.plist.strings; name = en; path = en.lproj/InfoPlist.strings; sourceTree = "<group>"; };
		CE2CFC021738302E0050CCBE /* main.m */ = {isa = PBXFileReference; lastKnownFileType = sourcecode.c.objc; path = main.m; sourceTree = "<group>"; };
		CE2CFC041738302E0050CCBE /* StarWars-Prefix.pch */ = {isa = PBXFileReference; lastKnownFileType = sourcecode.c.h; path = "StarWars-Prefix.pch"; sourceTree = "<group>"; };
		CE2CFC051738302E0050CCBE /* DVDAppDelegate.h */ = {isa = PBXFileReference; lastKnownFileType = sourcecode.c.h; path = DVDAppDelegate.h; sourceTree = "<group>"; };
		CE2CFC061738302E0050CCBE /* DVDAppDelegate.m */ = {isa = PBXFileReference; lastKnownFileType = sourcecode.c.objc; path = DVDAppDelegate.m; sourceTree = "<group>"; };
		CE2CFC081738302E0050CCBE /* Default.png */ = {isa = PBXFileReference; lastKnownFileType = image.png; path = Default.png; sourceTree = "<group>"; };
		CE2CFC0A1738302E0050CCBE /* Default@2x.png */ = {isa = PBXFileReference; lastKnownFileType = image.png; path = "Default@2x.png"; sourceTree = "<group>"; };
		CE2CFC0C1738302E0050CCBE /* Default-568h@2x.png */ = {isa = PBXFileReference; lastKnownFileType = image.png; path = "Default-568h@2x.png"; sourceTree = "<group>"; };
/* End PBXFileReference section */

/* Begin PBXFrameworksBuildPhase section */
		CE2CFBF01738302E0050CCBE /* Frameworks */ = {
			isa = PBXFrameworksBuildPhase;
			buildActionMask = 2147483647;
			files = (
				CE2CFBF71738302E0050CCBE /* UIKit.framework in Frameworks */,
				CE2CFBF91738302E0050CCBE /* Foundation.framework in Frameworks */,
				CE2CFBFB1738302E0050CCBE /* CoreGraphics.framework in Frameworks */,
			);
			runOnlyForDeploymentPostprocessing = 0;
		};
/* End PBXFrameworksBuildPhase section */

/* Begin PBXGroup section */
		CE2CFBEA1738302E0050CCBE = {
			isa = PBXGroup;
			children = (
				CE2CFBFC1738302E0050CCBE /* StarWars */,
				CE2CFBF51738302E0050CCBE /* Frameworks */,
				CE2CFBF41738302E0050CCBE /* Products */,
			);
			sourceTree = "<group>";
		};
		CE2CFBF41738302E0050CCBE /* Products */ = {
			isa = PBXGroup;
			children = (
				CE2CFBF31738302E0050CCBE /* StarWars.app */,
			);
			name = Products;
			sourceTree = "<group>";
		};
		CE2CFBF51738302E0050CCBE /* Frameworks */ = {
			isa = PBXGroup;
			children = (
				CE2CFBF61738302E0050CCBE /* UIKit.framework */,
				CE2CFBF81738302E0050CCBE /* Foundation.framework */,
				CE2CFBFA1738302E0050CCBE /* CoreGraphics.framework */,
			);
			name = Frameworks;
			sourceTree = "<group>";
		};
		CE2CFBFC1738302E0050CCBE /* StarWars */ = {
			isa = PBXGroup;
			children = (
				CE2CFC051738302E0050CCBE /* DVDAppDelegate.h */,
				CE2CFC061738302E0050CCBE /* DVDAppDelegate.m */,
				CE2CFBFD1738302E0050CCBE /* Supporting Files */,
			);
			path = StarWars;
			sourceTree = "<group>";
		};
		CE2CFBFD1738302E0050CCBE /* Supporting Files */ = {
			isa = PBXGroup;
			children = (
				CE2CFBFE1738302E0050CCBE /* StarWars-Info.plist */,
				CE2CFBFF1738302E0050CCBE /* InfoPlist.strings */,
				CE2CFC021738302E0050CCBE /* main.m */,
				CE2CFC041738302E0050CCBE /* StarWars-Prefix.pch */,
				CE2CFC081738302E0050CCBE /* Default.png */,
				CE2CFC0A1738302E0050CCBE /* Default@2x.png */,
				CE2CFC0C1738302E0050CCBE /* Default-568h@2x.png */,
			);
			name = "Supporting Files";
			sourceTree = "<group>";
		};
/* End PBXGroup section */

/* Begin PBXNativeTarget section */
		CE2CFBF21738302E0050CCBE /* StarWars */ = {
			isa = PBXNativeTarget;
			buildConfigurationList = CE2CFC101738302E0050CCBE /* Build configuration list for PBXNativeTarget "StarWars" */;
			buildPhases = (
				CE2CFBEF1738302E0050CCBE /* Sources */,
				CE2CFBF01738302E0050CCBE /* Frameworks */,
				CE2CFBF11738302E0050CCBE /* Resources */,
			);
			buildRules = (
			);
			dependencies = (
			);
			name = StarWars;
			productName = StarWars;
			productReference = CE2CFBF31738302E0050CCBE /* StarWars.app */;
			productType = "com.apple.product-type.application";
		};
/* End PBXNativeTarget section */

/* Begin PBXProject section */
		CE2CFBEB1738302E0050CCBE /* Project object */ = {
			isa = PBXProject;
			attributes = {
				CLASSPREFIX = DVD;
				LastUpgradeCheck = 0460;
				ORGANIZATIONNAME = "Dvid Silva";
			};
			buildConfigurationList = CE2CFBEE1738302E0050CCBE /* Build configuration list for PBXProject "StarWars" */;
			compatibilityVersion = "Xcode 3.2";
			developmentRegion = English;
			hasScannedForEncodings = 0;
			knownRegions = (
				en,
			);
			mainGroup = CE2CFBEA1738302E0050CCBE;
			productRefGroup = CE2CFBF41738302E0050CCBE /* Products */;
			projectDirPath = "";
			projectRoot = "";
			targets = (
				CE2CFBF21738302E0050CCBE /* StarWars */,
			);
		};
/* End PBXProject section */

/* Begin PBXResourcesBuildPhase section */
		CE2CFBF11738302E0050CCBE /* Resources */ = {
			isa = PBXResourcesBuildPhase;
			buildActionMask = 2147483647;
			files = (
				CE2CFC011738302E0050CCBE /* InfoPlist.strings in Resources */,
				CE2CFC091738302E0050CCBE /* Default.png in Resources */,
				CE2CFC0B1738302E0050CCBE /* Default@2x.png in Resources */,
				CE2CFC0D1738302E0050CCBE /* Default-568h@2x.png in Resources */,
			);
			runOnlyForDeploymentPostprocessing = 0;
		};
/* End PBXResourcesBuildPhase section */

/* Begin PBXSourcesBuildPhase section */
		CE2CFBEF1738302E0050CCBE /* Sources */ = {
			isa = PBXSourcesBuildPhase;
			buildActionMask = 2147483647;
			files = (
				CE2CFC031738302E0050CCBE /* main.m in Sources */,
				CE2CFC071738302E0050CCBE /* DVDAppDelegate.m in Sources */,
			);
			runOnlyForDeploymentPostprocessing = 0;
		};
/* End PBXSourcesBuildPhase section */

/* Begin PBXVariantGroup section */
		CE2CFBFF1738302E0050CCBE /* InfoPlist.strings */ = {
			isa = PBXVariantGroup;
			children = (
				CE2CFC001738302E0050CCBE /* en */,
			);
			name = InfoPlist.strings;
			sourceTree = "<group>";
		};
/* End PBXVariantGroup section */

/* Begin XCBuildConfiguration section */
		CE2CFC0E1738302E0050CCBE /* Debug */ = {
			isa = XCBuildConfiguration;
			buildSettings = {
				ALWAYS_SEARCH_USER_PATHS = NO;
				CLANG_CXX_LANGUAGE_STANDARD = "gnu++0x";
				CLANG_CXX_LIBRARY = "libc++";
				CLANG_ENABLE_OBJC_ARC = YES;
				CLANG_WARN_CONSTANT_CONVERSION = YES;
				CLANG_WARN_EMPTY_BODY = YES;
				CLANG_WARN_ENUM_CONVERSION = YES;
				CLANG_WARN_INT_CONVERSION = YES;
				CLANG_WARN__DUPLICATE_METHOD_MATCH = YES;
				"CODE_SIGN_IDENTITY[sdk=iphoneos*]" = "iPhone Developer";
				COPY_PHASE_STRIP = NO;
				GCC_C_LANGUAGE_STANDARD = gnu99;
				GCC_DYNAMIC_NO_PIC = NO;
				GCC_OPTIMIZATION_LEVEL = 0;
				GCC_PREPROCESSOR_DEFINITIONS = (
					"DEBUG=1",
					"$(inherited)",
				);
				GCC_SYMBOLS_PRIVATE_EXTERN = NO;
				GCC_WARN_ABOUT_RETURN_TYPE = YES;
				GCC_WARN_UNINITIALIZED_AUTOS = YES;
				GCC_WARN_UNUSED_VARIABLE = YES;
				IPHONEOS_DEPLOYMENT_TARGET = 6.1;
				ONLY_ACTIVE_ARCH = YES;
				SDKROOT = iphoneos;
				TARGETED_DEVICE_FAMILY = 2;
			};
			name = Debug;
		};
		CE2CFC0F1738302E0050CCBE /* Release */ = {
			isa = XCBuildConfiguration;
			buildSettings = {
				ALWAYS_SEARCH_USER_PATHS = NO;
				CLANG_CXX_LANGUAGE_STANDARD = "gnu++0x";
				CLANG_CXX_LIBRARY = "libc++";
				CLANG_ENABLE_OBJC_ARC = YES;
				CLANG_WARN_CONSTANT_CONVERSION = YES;
				CLANG_WARN_EMPTY_BODY = YES;
				CLANG_WARN_ENUM_CONVERSION = YES;
				CLANG_WARN_INT_CONVERSION = YES;
				CLANG_WARN__DUPLICATE_METHOD_MATCH = YES;
				"CODE_SIGN_IDENTITY[sdk=iphoneos*]" = "iPhone Developer";
				COPY_PHASE_STRIP = YES;
				GCC_C_LANGUAGE_STANDARD = gnu99;
				GCC_WARN_ABOUT_RETURN_TYPE = YES;
				GCC_WARN_UNINITIALIZED_AUTOS = YES;
				GCC_WARN_UNUSED_VARIABLE = YES;
				IPHONEOS_DEPLOYMENT_TARGET = 6.1;
				OTHER_CFLAGS = "-DNS_BLOCK_ASSERTIONS=1";
				SDKROOT = iphoneos;
				TARGETED_DEVICE_FAMILY = 2;
				VALIDATE_PRODUCT = YES;
			};
			name = Release;
		};
		CE2CFC111738302E0050CCBE /* Debug */ = {
			isa = XCBuildConfiguration;
			buildSettings = {
				GCC_PRECOMPILE_PREFIX_HEADER = YES;
				GCC_PREFIX_HEADER = "StarWars/StarWars-Prefix.pch";
				INFOPLIST_FILE = "StarWars/StarWars-Info.plist";
				PRODUCT_NAME = "$(TARGET_NAME)";
				WRAPPER_EXTENSION = app;
			};
			name = Debug;
		};
		CE2CFC121738302E0050CCBE /* Release */ = {
			isa = XCBuildConfiguration;
			buildSettings = {
				GCC_PRECOMPILE_PREFIX_HEADER = YES;
				GCC_PREFIX_HEADER = "StarWars/StarWars-Prefix.pch";
				INFOPLIST_FILE = "StarWars/StarWars-Info.plist";
				PRODUCT_NAME = "$(TARGET_NAME)";
				WRAPPER_EXTENSION = app;
			};
			name = Release;
		};
/* End XCBuildConfiguration section */

/* Begin XCConfigurationList section */
		CE2CFBEE1738302E0050CCBE /* Build configuration list for PBXProject "StarWars" */ = {
			isa = XCConfigurationList;
			buildConfigurations = (
				CE2CFC0E1738302E0050CCBE /* Debug */,
				CE2CFC0F1738302E0050CCBE /* Release */,
			);
			defaultConfigurationIsVisible = 0;
			defaultConfigurationName = Release;
		};
		CE2CFC101738302E0050CCBE /* Build configuration list for PBXNativeTarget "StarWars" */ = {
			isa = XCConfigurationList;
			buildConfigurations = (
				CE2CFC111738302E0050CCBE /* Debug */,
				CE2CFC121738302E0050CCBE /* Release */,
			);
			defaultConfigurationIsVisible = 0;
		};
/* End XCConfigurationList section */
	};
	rootObject = CE2CFBEB1738302E0050CCBE /* Project object */;
}
